
Microsoft Visual Studio Solution File, Format Version 11.00
# Visual C# Express 2010
Project("{FAE04EC0-301F-11D3-BF4B-00C04F79EFBC}") = "TvWishListInterface", "TvWishListInterface\TvWishListInterface.csproj", "{DC322781-8E8F-4582-8024-B3AAFF670FC3}"
EndProject
Global
	GlobalSection(SolutionConfigurationPlatforms) = preSolution
		Debug|Any CPU = Debug|Any CPU
		Release|Any CPU = Release|Any CPU
	EndGlobalSection
	GlobalSection(ProjectConfigurationPlatforms) = postSolution
		{DC322781-8E8F-4582-8024-B3AAFF670FC3}.Debug|Any CPU.ActiveCfg = Debug|Any CPU
		{DC322781-8E8F-4582-8024-B3AAFF670FC3}.Debug|Any CPU.Build.0 = Debug|Any CPU
		{DC322781-8E8F-4582-8024-B3AAFF670FC3}.Release|Any CPU.ActiveCfg = Release|Any CPU
		{DC322781-8E8F-4582-8024-B3AAFF670FC3}.Release|Any CPU.Build.0 = Release|Any CPU
	EndGlobalSection
	GlobalSection(SolutionProperties) = preSolution
		HideSolutionNode = FALSE
	EndGlobalSection
EndGlobal
