
Microsoft Visual Studio Solution File, Format Version 11.00
# Visual C# Express 2010
Project("{FAE04EC0-301F-11D3-BF4B-00C04F79EFBC}") = "TvWishListMP2NativeTvProvider", "TvWishListMP2NativeTvProvider\TvWishListMP2NativeTvProvider.csproj", "{3DA6D321-64F0-49D5-8D06-9F4E6D9870C3}"
EndProject
Global
	GlobalSection(SolutionConfigurationPlatforms) = preSolution
		Debug|Any CPU = Debug|Any CPU
		Release|Any CPU = Release|Any CPU
	EndGlobalSection
	GlobalSection(ProjectConfigurationPlatforms) = postSolution
		{3DA6D321-64F0-49D5-8D06-9F4E6D9870C3}.Debug|Any CPU.ActiveCfg = Debug|Any CPU
		{3DA6D321-64F0-49D5-8D06-9F4E6D9870C3}.Debug|Any CPU.Build.0 = Debug|Any CPU
		{3DA6D321-64F0-49D5-8D06-9F4E6D9870C3}.Release|Any CPU.ActiveCfg = Release|Any CPU
		{3DA6D321-64F0-49D5-8D06-9F4E6D9870C3}.Release|Any CPU.Build.0 = Release|Any CPU
	EndGlobalSection
	GlobalSection(SolutionProperties) = preSolution
		HideSolutionNode = FALSE
	EndGlobalSection
EndGlobal
